
Microsoft Visual Studio Solution File, Format Version 12.00
# Visual Studio Version 16
VisualStudioVersion = 16.0.29409.12
MinimumVisualStudioVersion = 10.0.40219.1
Project("{FAE04EC0-301F-11D3-BF4B-00C04F79EFBC}") = "MyEmailService", "MyEmailService.csproj", "{1C496F5E-08BC-496D-B547-0639103ECEEA}"
EndProject
Global
	GlobalSection(SolutionConfigurationPlatforms) = preSolution
		Debug|Any CPU = Debug|Any CPU
		Release|Any CPU = Release|Any CPU
	EndGlobalSection
	GlobalSection(ProjectConfigurationPlatforms) = postSolution
		{1C496F5E-08BC-496D-B547-0639103ECEEA}.Debug|Any CPU.ActiveCfg = Debug|Any CPU
		{1C496F5E-08BC-496D-B547-0639103ECEEA}.Debug|Any CPU.Build.0 = Debug|Any CPU
		{1C496F5E-08BC-496D-B547-0639103ECEEA}.Release|Any CPU.ActiveCfg = Release|Any CPU
		{1C496F5E-08BC-496D-B547-0639103ECEEA}.Release|Any CPU.Build.0 = Release|Any CPU
	EndGlobalSection
	GlobalSection(SolutionProperties) = preSolution
		HideSolutionNode = FALSE
	EndGlobalSection
	GlobalSection(ExtensibilityGlobals) = postSolution
		SolutionGuid = {339F6F67-3088-4F0B-BBE8-3F4E5A78AC24}
	EndGlobalSection
EndGlobal
